
Microsoft Visual Studio Solution File, Format Version 12.00
# Visual Studio Version 17
VisualStudioVersion = 17.0.32002.185
MinimumVisualStudioVersion = 10.0.40219.1
Project("{FAE04EC0-301F-11D3-BF4B-00C04F79EFBC}") = "tic-tac-toe", "tic-tac-toe.csproj", "{ED2F7C36-ACA2-4970-90E8-EE0711591F60}"
EndProject
Global
	GlobalSection(SolutionConfigurationPlatforms) = preSolution
		Debug|Any CPU = Debug|Any CPU
		Release|Any CPU = Release|Any CPU
	EndGlobalSection
	GlobalSection(ProjectConfigurationPlatforms) = postSolution
		{ED2F7C36-ACA2-4970-90E8-EE0711591F60}.Debug|Any CPU.ActiveCfg = Debug|Any CPU
		{ED2F7C36-ACA2-4970-90E8-EE0711591F60}.Debug|Any CPU.Build.0 = Debug|Any CPU
		{ED2F7C36-ACA2-4970-90E8-EE0711591F60}.Release|Any CPU.ActiveCfg = Release|Any CPU
		{ED2F7C36-ACA2-4970-90E8-EE0711591F60}.Release|Any CPU.Build.0 = Release|Any CPU
	EndGlobalSection
	GlobalSection(SolutionProperties) = preSolution
		HideSolutionNode = FALSE
	EndGlobalSection
	GlobalSection(ExtensibilityGlobals) = postSolution
		SolutionGuid = {2065AC21-053F-43C6-8EE3-4A0C8E118857}
	EndGlobalSection
EndGlobal
